
Microsoft Visual Studio Solution File, Format Version 12.00
# Visual Studio Version 17
VisualStudioVersion = 17.0.31903.59
MinimumVisualStudioVersion = 10.0.40219.1
Project("{2150E333-8FDC-42A3-9474-1A3956D46DE8}") = "src", "src", "{39EBDB5B-BEA7-4BE8-9F0C-4981145033D1}"
EndProject
Project("{FAE04EC0-301F-11D3-BF4B-00C04F79EFBC}") = "app", "src\app\app.csproj", "{747A7169-76AB-44AD-BF42-0A7142ADE8A0}"
EndProject
Project("{FAE04EC0-301F-11D3-BF4B-00C04F79EFBC}") = "lib", "src\lib\lib.csproj", "{141BF751-9B61-45B3-BBEA-FBA58D41A9E9}"
EndProject
Project("{FAE04EC0-301F-11D3-BF4B-00C04F79EFBC}") = "models", "src\models\models.csproj", "{52DE4197-01A0-4428-98C3-BF8C3C9C7769}"
EndProject
Project("{FAE04EC0-301F-11D3-BF4B-00C04F79EFBC}") = "ui", "src\ui\ui.csproj", "{61B991D4-648C-4136-8827-1C89F22E972C}"
EndProject
Project("{2150E333-8FDC-42A3-9474-1A3956D46DE8}") = "tests", "tests", "{7A6C739C-9A0C-4A9D-BA68-142F308A9DAA}"
EndProject
Project("{FAE04EC0-301F-11D3-BF4B-00C04F79EFBC}") = "ApplicationTests", "tests\ApplicationTests\ApplicationTests.csproj", "{EFDF693A-EB18-4E88-80E1-5C1C6751B5D9}"
EndProject
Project("{FAE04EC0-301F-11D3-BF4B-00C04F79EFBC}") = "InfrastructureTests", "tests\InfrastructureTests\InfrastructureTests.csproj", "{888839C5-F40E-4C63-98D3-6DF2CCCCC398}"
EndProject
Global
	GlobalSection(SolutionConfigurationPlatforms) = preSolution
		Debug|Any CPU = Debug|Any CPU
		Release|Any CPU = Release|Any CPU
	EndGlobalSection
	GlobalSection(SolutionProperties) = preSolution
		HideSolutionNode = FALSE
	EndGlobalSection
	GlobalSection(ProjectConfigurationPlatforms) = postSolution
		{747A7169-76AB-44AD-BF42-0A7142ADE8A0}.Debug|Any CPU.ActiveCfg = Debug|Any CPU
		{747A7169-76AB-44AD-BF42-0A7142ADE8A0}.Debug|Any CPU.Build.0 = Debug|Any CPU
		{747A7169-76AB-44AD-BF42-0A7142ADE8A0}.Release|Any CPU.ActiveCfg = Release|Any CPU
		{747A7169-76AB-44AD-BF42-0A7142ADE8A0}.Release|Any CPU.Build.0 = Release|Any CPU
		{141BF751-9B61-45B3-BBEA-FBA58D41A9E9}.Debug|Any CPU.ActiveCfg = Debug|Any CPU
		{141BF751-9B61-45B3-BBEA-FBA58D41A9E9}.Debug|Any CPU.Build.0 = Debug|Any CPU
		{141BF751-9B61-45B3-BBEA-FBA58D41A9E9}.Release|Any CPU.ActiveCfg = Release|Any CPU
		{141BF751-9B61-45B3-BBEA-FBA58D41A9E9}.Release|Any CPU.Build.0 = Release|Any CPU
		{52DE4197-01A0-4428-98C3-BF8C3C9C7769}.Debug|Any CPU.ActiveCfg = Debug|Any CPU
		{52DE4197-01A0-4428-98C3-BF8C3C9C7769}.Debug|Any CPU.Build.0 = Debug|Any CPU
		{52DE4197-01A0-4428-98C3-BF8C3C9C7769}.Release|Any CPU.ActiveCfg = Release|Any CPU
		{52DE4197-01A0-4428-98C3-BF8C3C9C7769}.Release|Any CPU.Build.0 = Release|Any CPU
		{61B991D4-648C-4136-8827-1C89F22E972C}.Debug|Any CPU.ActiveCfg = Debug|Any CPU
		{61B991D4-648C-4136-8827-1C89F22E972C}.Debug|Any CPU.Build.0 = Debug|Any CPU
		{61B991D4-648C-4136-8827-1C89F22E972C}.Release|Any CPU.ActiveCfg = Release|Any CPU
		{61B991D4-648C-4136-8827-1C89F22E972C}.Release|Any CPU.Build.0 = Release|Any CPU
		{EFDF693A-EB18-4E88-80E1-5C1C6751B5D9}.Debug|Any CPU.ActiveCfg = Debug|Any CPU
		{EFDF693A-EB18-4E88-80E1-5C1C6751B5D9}.Debug|Any CPU.Build.0 = Debug|Any CPU
		{EFDF693A-EB18-4E88-80E1-5C1C6751B5D9}.Release|Any CPU.ActiveCfg = Release|Any CPU
		{EFDF693A-EB18-4E88-80E1-5C1C6751B5D9}.Release|Any CPU.Build.0 = Release|Any CPU
		{888839C5-F40E-4C63-98D3-6DF2CCCCC398}.Debug|Any CPU.ActiveCfg = Debug|Any CPU
		{888839C5-F40E-4C63-98D3-6DF2CCCCC398}.Debug|Any CPU.Build.0 = Debug|Any CPU
		{888839C5-F40E-4C63-98D3-6DF2CCCCC398}.Release|Any CPU.ActiveCfg = Release|Any CPU
		{888839C5-F40E-4C63-98D3-6DF2CCCCC398}.Release|Any CPU.Build.0 = Release|Any CPU
	EndGlobalSection
	GlobalSection(NestedProjects) = preSolution
		{747A7169-76AB-44AD-BF42-0A7142ADE8A0} = {39EBDB5B-BEA7-4BE8-9F0C-4981145033D1}
		{141BF751-9B61-45B3-BBEA-FBA58D41A9E9} = {39EBDB5B-BEA7-4BE8-9F0C-4981145033D1}
		{52DE4197-01A0-4428-98C3-BF8C3C9C7769} = {39EBDB5B-BEA7-4BE8-9F0C-4981145033D1}
		{61B991D4-648C-4136-8827-1C89F22E972C} = {39EBDB5B-BEA7-4BE8-9F0C-4981145033D1}
		{EFDF693A-EB18-4E88-80E1-5C1C6751B5D9} = {7A6C739C-9A0C-4A9D-BA68-142F308A9DAA}
		{888839C5-F40E-4C63-98D3-6DF2CCCCC398} = {7A6C739C-9A0C-4A9D-BA68-142F308A9DAA}
	EndGlobalSection
EndGlobal
